
Microsoft Visual Studio Solution File, Format Version 12.00
# Visual Studio Version 17
VisualStudioVersion = 17.2.32516.85
MinimumVisualStudioVersion = 10.0.40219.1
Project("{FAE04EC0-301F-11D3-BF4B-00C04F79EFBC}") = "Core", "Core\Core.csproj", "{3CF117EF-4106-4F02-BC21-F056E713254C}"
EndProject
Project("{FAE04EC0-301F-11D3-BF4B-00C04F79EFBC}") = "DataAccess", "DataAccess\DataAccess.csproj", "{884AEFFA-39AB-4215-982F-AB2EED55EE69}"
EndProject
Project("{FAE04EC0-301F-11D3-BF4B-00C04F79EFBC}") = "Web", "Web\Web.csproj", "{EC8865B9-313C-4140-B463-5A41D864E75F}"
EndProject
Global
	GlobalSection(SolutionConfigurationPlatforms) = preSolution
		Debug|Any CPU = Debug|Any CPU
		Release|Any CPU = Release|Any CPU
	EndGlobalSection
	GlobalSection(ProjectConfigurationPlatforms) = postSolution
		{3CF117EF-4106-4F02-BC21-F056E713254C}.Debug|Any CPU.ActiveCfg = Debug|Any CPU
		{3CF117EF-4106-4F02-BC21-F056E713254C}.Debug|Any CPU.Build.0 = Debug|Any CPU
		{3CF117EF-4106-4F02-BC21-F056E713254C}.Release|Any CPU.ActiveCfg = Release|Any CPU
		{3CF117EF-4106-4F02-BC21-F056E713254C}.Release|Any CPU.Build.0 = Release|Any CPU
		{884AEFFA-39AB-4215-982F-AB2EED55EE69}.Debug|Any CPU.ActiveCfg = Debug|Any CPU
		{884AEFFA-39AB-4215-982F-AB2EED55EE69}.Debug|Any CPU.Build.0 = Debug|Any CPU
		{884AEFFA-39AB-4215-982F-AB2EED55EE69}.Release|Any CPU.ActiveCfg = Release|Any CPU
		{884AEFFA-39AB-4215-982F-AB2EED55EE69}.Release|Any CPU.Build.0 = Release|Any CPU
		{EC8865B9-313C-4140-B463-5A41D864E75F}.Debug|Any CPU.ActiveCfg = Debug|Any CPU
		{EC8865B9-313C-4140-B463-5A41D864E75F}.Debug|Any CPU.Build.0 = Debug|Any CPU
		{EC8865B9-313C-4140-B463-5A41D864E75F}.Release|Any CPU.ActiveCfg = Release|Any CPU
		{EC8865B9-313C-4140-B463-5A41D864E75F}.Release|Any CPU.Build.0 = Release|Any CPU
	EndGlobalSection
	GlobalSection(SolutionProperties) = preSolution
		HideSolutionNode = FALSE
	EndGlobalSection
	GlobalSection(ExtensibilityGlobals) = postSolution
		SolutionGuid = {3E1A5CDA-E78D-4D84-8912-03CD684EA598}
	EndGlobalSection
EndGlobal
